
Microsoft Visual Studio Solution File, Format Version 12.00
# Visual Studio Version 16
VisualStudioVersion = 16.0.31729.503
MinimumVisualStudioVersion = 10.0.40219.1
Project("{FAE04EC0-301F-11D3-BF4B-00C04F79EFBC}") = "CmdApi", "CmdApi.csproj", "{110DA759-46DA-4B8E-A867-702F6177B789}"
EndProject
Global
	GlobalSection(SolutionConfigurationPlatforms) = preSolution
		Debug|Any CPU = Debug|Any CPU
		Release|Any CPU = Release|Any CPU
	EndGlobalSection
	GlobalSection(ProjectConfigurationPlatforms) = postSolution
		{110DA759-46DA-4B8E-A867-702F6177B789}.Debug|Any CPU.ActiveCfg = Debug|Any CPU
		{110DA759-46DA-4B8E-A867-702F6177B789}.Debug|Any CPU.Build.0 = Debug|Any CPU
		{110DA759-46DA-4B8E-A867-702F6177B789}.Release|Any CPU.ActiveCfg = Release|Any CPU
		{110DA759-46DA-4B8E-A867-702F6177B789}.Release|Any CPU.Build.0 = Release|Any CPU
	EndGlobalSection
	GlobalSection(SolutionProperties) = preSolution
		HideSolutionNode = FALSE
	EndGlobalSection
	GlobalSection(ExtensibilityGlobals) = postSolution
		SolutionGuid = {EF990624-09FD-477F-8DE0-C0FF0622F829}
	EndGlobalSection
EndGlobal
